
Microsoft Visual Studio Solution File, Format Version 12.00
# Visual Studio Version 16
VisualStudioVersion = 16.0.30717.126
MinimumVisualStudioVersion = 10.0.40219.1
Project("{FAE04EC0-301F-11D3-BF4B-00C04F79EFBC}") = "ZirveWinService.Library", "ZirveWinService.Library\ZirveWinService.Library.csproj", "{37D067EF-5DB4-42CF-9DDD-3BD4BF1001AE}"
EndProject
Project("{FAE04EC0-301F-11D3-BF4B-00C04F79EFBC}") = "ZirveWinService.Service", "ZirveWinService.Service\ZirveWinService.Service.csproj", "{F761D39C-376F-4311-811F-5A280997568D}"
EndProject
Global
	GlobalSection(SolutionConfigurationPlatforms) = preSolution
		Debug|Any CPU = Debug|Any CPU
		Release|Any CPU = Release|Any CPU
	EndGlobalSection
	GlobalSection(ProjectConfigurationPlatforms) = postSolution
		{37D067EF-5DB4-42CF-9DDD-3BD4BF1001AE}.Debug|Any CPU.ActiveCfg = Debug|Any CPU
		{37D067EF-5DB4-42CF-9DDD-3BD4BF1001AE}.Debug|Any CPU.Build.0 = Debug|Any CPU
		{37D067EF-5DB4-42CF-9DDD-3BD4BF1001AE}.Release|Any CPU.ActiveCfg = Release|Any CPU
		{37D067EF-5DB4-42CF-9DDD-3BD4BF1001AE}.Release|Any CPU.Build.0 = Release|Any CPU
		{F761D39C-376F-4311-811F-5A280997568D}.Debug|Any CPU.ActiveCfg = Debug|Any CPU
		{F761D39C-376F-4311-811F-5A280997568D}.Debug|Any CPU.Build.0 = Debug|Any CPU
		{F761D39C-376F-4311-811F-5A280997568D}.Release|Any CPU.ActiveCfg = Release|Any CPU
		{F761D39C-376F-4311-811F-5A280997568D}.Release|Any CPU.Build.0 = Release|Any CPU
	EndGlobalSection
	GlobalSection(SolutionProperties) = preSolution
		HideSolutionNode = FALSE
	EndGlobalSection
	GlobalSection(ExtensibilityGlobals) = postSolution
		SolutionGuid = {CCB60438-283B-42BB-AB29-D39E62C7565D}
	EndGlobalSection
EndGlobal
